
Microsoft Visual Studio Solution File, Format Version 12.00
# Visual Studio Version 17
VisualStudioVersion = 17.6.33815.320
MinimumVisualStudioVersion = 10.0.40219.1
Project("{8BC9CEB8-8B4A-11D0-8D11-00A0C91BC942}") = "MSDinSM", "MSDinSM.vcxproj", "{16B13FD0-C5EA-4510-AF8C-DB37752F96C5}"
EndProject
Global
	GlobalSection(SolutionConfigurationPlatforms) = preSolution
		Debug|x64 = Debug|x64
		Debug|x86 = Debug|x86
		Release|x64 = Release|x64
		Release|x86 = Release|x86
	EndGlobalSection
	GlobalSection(ProjectConfigurationPlatforms) = postSolution
		{16B13FD0-C5EA-4510-AF8C-DB37752F96C5}.Debug|x64.ActiveCfg = Debug|x64
		{16B13FD0-C5EA-4510-AF8C-DB37752F96C5}.Debug|x64.Build.0 = Debug|x64
		{16B13FD0-C5EA-4510-AF8C-DB37752F96C5}.Debug|x86.ActiveCfg = Debug|Win32
		{16B13FD0-C5EA-4510-AF8C-DB37752F96C5}.Debug|x86.Build.0 = Debug|Win32
		{16B13FD0-C5EA-4510-AF8C-DB37752F96C5}.Release|x64.ActiveCfg = Release|x64
		{16B13FD0-C5EA-4510-AF8C-DB37752F96C5}.Release|x64.Build.0 = Release|x64
		{16B13FD0-C5EA-4510-AF8C-DB37752F96C5}.Release|x86.ActiveCfg = Release|Win32
		{16B13FD0-C5EA-4510-AF8C-DB37752F96C5}.Release|x86.Build.0 = Release|Win32
	EndGlobalSection
	GlobalSection(SolutionProperties) = preSolution
		HideSolutionNode = FALSE
	EndGlobalSection
	GlobalSection(ExtensibilityGlobals) = postSolution
		SolutionGuid = {3C6615D8-4C35-4080-BD46-0F3A36DA3C10}
	EndGlobalSection
EndGlobal
